
Microsoft Visual Studio Solution File, Format Version 12.00
# Visual Studio Version 16
VisualStudioVersion = 16.0.30114.105
MinimumVisualStudioVersion = 10.0.40219.1
Project("{FAE04EC0-301F-11D3-BF4B-00C04F79EFBC}") = "Reacto.Web", "src\Reacto.Web\Reacto.Web.csproj", "{D61F26E0-B7A7-4777-A72B-02861DB34FAF}"
EndProject
Project("{2150E333-8FDC-42A3-9474-1A3956D46DE8}") = "src", "src", "{FE912B09-5DC6-4A19-A20C-57BEC5130D80}"
EndProject
Project("{FAE04EC0-301F-11D3-BF4B-00C04F79EFBC}") = "Reacto.Grains", "src\Reacto.Grains\Reacto.Grains.csproj", "{9FE8EE21-8800-4B2D-BAA8-B85223D49231}"
EndProject
Global
	GlobalSection(SolutionConfigurationPlatforms) = preSolution
		Debug|Any CPU = Debug|Any CPU
		Debug|x64 = Debug|x64
		Debug|x86 = Debug|x86
		Release|Any CPU = Release|Any CPU
		Release|x64 = Release|x64
		Release|x86 = Release|x86
	EndGlobalSection
	GlobalSection(SolutionProperties) = preSolution
		HideSolutionNode = FALSE
	EndGlobalSection
	GlobalSection(ProjectConfigurationPlatforms) = postSolution
		{D61F26E0-B7A7-4777-A72B-02861DB34FAF}.Debug|Any CPU.ActiveCfg = Debug|Any CPU
		{D61F26E0-B7A7-4777-A72B-02861DB34FAF}.Debug|Any CPU.Build.0 = Debug|Any CPU
		{D61F26E0-B7A7-4777-A72B-02861DB34FAF}.Debug|x64.ActiveCfg = Debug|Any CPU
		{D61F26E0-B7A7-4777-A72B-02861DB34FAF}.Debug|x64.Build.0 = Debug|Any CPU
		{D61F26E0-B7A7-4777-A72B-02861DB34FAF}.Debug|x86.ActiveCfg = Debug|Any CPU
		{D61F26E0-B7A7-4777-A72B-02861DB34FAF}.Debug|x86.Build.0 = Debug|Any CPU
		{D61F26E0-B7A7-4777-A72B-02861DB34FAF}.Release|Any CPU.ActiveCfg = Release|Any CPU
		{D61F26E0-B7A7-4777-A72B-02861DB34FAF}.Release|Any CPU.Build.0 = Release|Any CPU
		{D61F26E0-B7A7-4777-A72B-02861DB34FAF}.Release|x64.ActiveCfg = Release|Any CPU
		{D61F26E0-B7A7-4777-A72B-02861DB34FAF}.Release|x64.Build.0 = Release|Any CPU
		{D61F26E0-B7A7-4777-A72B-02861DB34FAF}.Release|x86.ActiveCfg = Release|Any CPU
		{D61F26E0-B7A7-4777-A72B-02861DB34FAF}.Release|x86.Build.0 = Release|Any CPU
		{9FE8EE21-8800-4B2D-BAA8-B85223D49231}.Debug|Any CPU.ActiveCfg = Debug|Any CPU
		{9FE8EE21-8800-4B2D-BAA8-B85223D49231}.Debug|Any CPU.Build.0 = Debug|Any CPU
		{9FE8EE21-8800-4B2D-BAA8-B85223D49231}.Debug|x64.ActiveCfg = Debug|Any CPU
		{9FE8EE21-8800-4B2D-BAA8-B85223D49231}.Debug|x64.Build.0 = Debug|Any CPU
		{9FE8EE21-8800-4B2D-BAA8-B85223D49231}.Debug|x86.ActiveCfg = Debug|Any CPU
		{9FE8EE21-8800-4B2D-BAA8-B85223D49231}.Debug|x86.Build.0 = Debug|Any CPU
		{9FE8EE21-8800-4B2D-BAA8-B85223D49231}.Release|Any CPU.ActiveCfg = Release|Any CPU
		{9FE8EE21-8800-4B2D-BAA8-B85223D49231}.Release|Any CPU.Build.0 = Release|Any CPU
		{9FE8EE21-8800-4B2D-BAA8-B85223D49231}.Release|x64.ActiveCfg = Release|Any CPU
		{9FE8EE21-8800-4B2D-BAA8-B85223D49231}.Release|x64.Build.0 = Release|Any CPU
		{9FE8EE21-8800-4B2D-BAA8-B85223D49231}.Release|x86.ActiveCfg = Release|Any CPU
		{9FE8EE21-8800-4B2D-BAA8-B85223D49231}.Release|x86.Build.0 = Release|Any CPU
	EndGlobalSection
	GlobalSection(NestedProjects) = preSolution
		{D61F26E0-B7A7-4777-A72B-02861DB34FAF} = {FE912B09-5DC6-4A19-A20C-57BEC5130D80}
		{9FE8EE21-8800-4B2D-BAA8-B85223D49231} = {FE912B09-5DC6-4A19-A20C-57BEC5130D80}
	EndGlobalSection
EndGlobal
